
Microsoft Visual Studio Solution File, Format Version 12.00
# Visual Studio Version 17
VisualStudioVersion = 17.9.34607.119
MinimumVisualStudioVersion = 10.0.40219.1
Project("{FAE04EC0-301F-11D3-BF4B-00C04F79EFBC}") = "MintLab", "MintLab\MintLab.csproj", "{80063BF0-3F06-4088-BC63-07D342B1C3FE}"
EndProject
Global
	GlobalSection(SolutionConfigurationPlatforms) = preSolution
		Debug|Any CPU = Debug|Any CPU
		Release|Any CPU = Release|Any CPU
	EndGlobalSection
	GlobalSection(ProjectConfigurationPlatforms) = postSolution
		{80063BF0-3F06-4088-BC63-07D342B1C3FE}.Debug|Any CPU.ActiveCfg = Debug|Any CPU
		{80063BF0-3F06-4088-BC63-07D342B1C3FE}.Debug|Any CPU.Build.0 = Debug|Any CPU
		{80063BF0-3F06-4088-BC63-07D342B1C3FE}.Release|Any CPU.ActiveCfg = Release|Any CPU
		{80063BF0-3F06-4088-BC63-07D342B1C3FE}.Release|Any CPU.Build.0 = Release|Any CPU
	EndGlobalSection
	GlobalSection(SolutionProperties) = preSolution
		HideSolutionNode = FALSE
	EndGlobalSection
	GlobalSection(ExtensibilityGlobals) = postSolution
		SolutionGuid = {1322CF39-DC24-4D17-BAF8-AC864D40AEAC}
	EndGlobalSection
EndGlobal
